<?xml version="1.0" encoding="utf-8"?>
<Project ToolsVersion="4.0" xmlns="http://schemas.microsoft.com/developer/msbuild/2003">
  <ItemGroup>
    <ClCompile Include="readme.cpp" />
  </ItemGroup>
  <ItemGroup>
    <Filter Include="config">
      <UniqueIdentifier>{0de6c192-a1d0-492b-ab12-f82b290ef28b}</UniqueIdentifier>
    </Filter>
    <Filter Include="config\_default">
      <UniqueIdentifier>{525c2567-9a15-473c-8772-2d629c8c3a33}</UniqueIdentifier>
    </Filter>
    <Filter Include="content">
      <UniqueIdentifier>{0ad36182-89b9-45c5-b83c-87be8e76c92d}</UniqueIdentifier>
    </Filter>
    <Filter Include="content\categories">
      <UniqueIdentifier>{752c7c3b-3160-4055-98ca-501c6c85471f}</UniqueIdentifier>
    </Filter>
    <Filter Include="content\page">
      <UniqueIdentifier>{7b3119bf-0738-415e-889e-e091749320a5}</UniqueIdentifier>
    </Filter>
    <Filter Include="content\page\archives">
      <UniqueIdentifier>{78235c5d-668a-47fb-ae76-819f66ebbef8}</UniqueIdentifier>
    </Filter>
    <Filter Include="content\page\links">
      <UniqueIdentifier>{31f013cd-ac0a-4231-9fbd-a680f970cc10}</UniqueIdentifier>
    </Filter>
    <Filter Include="content\page\search">
      <UniqueIdentifier>{713706de-d036-4348-98e7-de7b2560bec5}</UniqueIdentifier>
    </Filter>
    <Filter Include="content\post">
      <UniqueIdentifier>{866fd0b9-a3d6-42f9-9ce5-6fcaae1b7c07}</UniqueIdentifier>
    </Filter>
    <Filter Include="content\post\NewFilter1">
      <UniqueIdentifier>{23ecbb9e-27a8-4fc0-8b78-91e469f36764}</UniqueIdentifier>
    </Filter>
    <Filter Include="content\categories\code1009">
      <UniqueIdentifier>{f13ab9f6-d54d-41d9-a774-f76241b2e2cb}</UniqueIdentifier>
    </Filter>
  </ItemGroup>
  <ItemGroup>
    <None Include="config\_default\config.toml">
      <Filter>config\_default</Filter>
    </None>
    <None Include="content\page\archives\index.md">
      <Filter>content\page\archives</Filter>
    </None>
    <None Include="content\page\links\index.md">
      <Filter>content\page\links</Filter>
    </None>
    <None Include="content\page\search\index.md">
      <Filter>content\page\search</Filter>
    </None>
    <None Include="content\_index.md">
      <Filter>content\page</Filter>
    </None>
    <None Include="content\post\code1009-001\index.md">
      <Filter>content\post\NewFilter1</Filter>
    </None>
    <None Include="content\categories\code1009\_index.md">
      <Filter>content\categories\code1009</Filter>
    </None>
  </ItemGroup>
  <ItemGroup>
    <Image Include="content\post\code1009-001\intro-hangul.jpg">
      <Filter>content\post\NewFilter1</Filter>
    </Image>
    <Image Include="content\post\code1009-001\intro-hello_no_ga_da_world.gif">
      <Filter>content\post\NewFilter1</Filter>
    </Image>
    <Image Include="content\post\code1009-001\intro-moo_roo.jpg">
      <Filter>content\post\NewFilter1</Filter>
    </Image>
    <Image Include="content\post\code1009-001\intro-moo_roo-s.jpg">
      <Filter>content\post\NewFilter1</Filter>
    </Image>
  </ItemGroup>
</Project>