<?xml version="1.0" encoding="utf-8"?>
<Project ToolsVersion="4.0" xmlns="http://schemas.microsoft.com/developer/msbuild/2003">
  <ItemGroup>
    <ClCompile Include="readme.cpp" />
  </ItemGroup>
  <ItemGroup>
    <Filter Include="config">
      <UniqueIdentifier>{0de6c192-a1d0-492b-ab12-f82b290ef28b}</UniqueIdentifier>
    </Filter>
    <Filter Include="config\_default">
      <UniqueIdentifier>{525c2567-9a15-473c-8772-2d629c8c3a33}</UniqueIdentifier>
    </Filter>
    <Filter Include="content">
      <UniqueIdentifier>{0ad36182-89b9-45c5-b83c-87be8e76c92d}</UniqueIdentifier>
    </Filter>
    <Filter Include="content\categories">
      <UniqueIdentifier>{752c7c3b-3160-4055-98ca-501c6c85471f}</UniqueIdentifier>
    </Filter>
    <Filter Include="content\page">
      <UniqueIdentifier>{7b3119bf-0738-415e-889e-e091749320a5}</UniqueIdentifier>
    </Filter>
    <Filter Include="content\page\archives">
      <UniqueIdentifier>{78235c5d-668a-47fb-ae76-819f66ebbef8}</UniqueIdentifier>
    </Filter>
    <Filter Include="content\page\links">
      <UniqueIdentifier>{31f013cd-ac0a-4231-9fbd-a680f970cc10}</UniqueIdentifier>
    </Filter>
    <Filter Include="content\page\search">
      <UniqueIdentifier>{713706de-d036-4348-98e7-de7b2560bec5}</UniqueIdentifier>
    </Filter>
    <Filter Include="content\post">
      <UniqueIdentifier>{866fd0b9-a3d6-42f9-9ce5-6fcaae1b7c07}</UniqueIdentifier>
    </Filter>
    <Filter Include="content\categories\code1009">
      <UniqueIdentifier>{f13ab9f6-d54d-41d9-a774-f76241b2e2cb}</UniqueIdentifier>
    </Filter>
    <Filter Include="content\categories\코드">
      <UniqueIdentifier>{6e86f66f-a151-4c54-b5d7-62ed319f6e61}</UniqueIdentifier>
    </Filter>
    <Filter Include="content\categories\프로그래밍">
      <UniqueIdentifier>{6559fb9c-eecd-4c4f-b710-cb9974ee8893}</UniqueIdentifier>
    </Filter>
    <Filter Include="content\categories\티끌모아글">
      <UniqueIdentifier>{50788107-22d2-4bc9-9a4c-49f335f4981f}</UniqueIdentifier>
    </Filter>
    <Filter Include="content\categories\개발자노트">
      <UniqueIdentifier>{a1311ffd-caef-451c-ad63-5464cd697b27}</UniqueIdentifier>
    </Filter>
    <Filter Include="content\post\001.한글날">
      <UniqueIdentifier>{45c20121-dcc7-4483-931a-3ea32e99b7a4}</UniqueIdentifier>
    </Filter>
    <Filter Include="content\post\000.셈말짓기">
      <UniqueIdentifier>{23ecbb9e-27a8-4fc0-8b78-91e469f36764}</UniqueIdentifier>
    </Filter>
    <Filter Include="content\post\002.vcpkg">
      <UniqueIdentifier>{ae6a55f1-6836-4d2c-8c49-3777b0381573}</UniqueIdentifier>
    </Filter>
    <Filter Include="content\post\005.vld">
      <UniqueIdentifier>{25a64cd3-afc0-4551-84f4-6a2fe78d7595}</UniqueIdentifier>
    </Filter>
    <Filter Include="content\post\007.Github Action 테스트">
      <UniqueIdentifier>{61bb448c-d1c8-4bf0-955b-cab32e406cb3}</UniqueIdentifier>
    </Filter>
    <Filter Include="content\post\003.Visual Studio Plugin">
      <UniqueIdentifier>{7a3cfaee-a5fc-4863-8b03-9cc04eacd2b7}</UniqueIdentifier>
    </Filter>
    <Filter Include="content\post\009.윈도우 API utf8 설정">
      <UniqueIdentifier>{651fd450-873e-4888-92e9-a0b4c6a2fdf1}</UniqueIdentifier>
    </Filter>
    <Filter Include="content\post\Visual Studio C++ 빌드설정">
      <UniqueIdentifier>{5781ab21-02e2-4cea-a27d-d35a801c1631}</UniqueIdentifier>
    </Filter>
    <Filter Include="content\post\Visual Studio 기본설정">
      <UniqueIdentifier>{c7890650-d4e2-4bc6-a300-205267788862}</UniqueIdentifier>
    </Filter>
  </ItemGroup>
  <ItemGroup>
    <None Include="config\_default\config.toml">
      <Filter>config\_default</Filter>
    </None>
    <None Include="content\page\archives\index.md">
      <Filter>content\page\archives</Filter>
    </None>
    <None Include="content\page\links\index.md">
      <Filter>content\page\links</Filter>
    </None>
    <None Include="content\page\search\index.md">
      <Filter>content\page\search</Filter>
    </None>
    <None Include="content\_index.md">
      <Filter>content\page</Filter>
    </None>
    <None Include="content\categories\code1009\_index.md">
      <Filter>content\categories\code1009</Filter>
    </None>
    <None Include="content\categories\코드\_index.md">
      <Filter>content\categories\코드</Filter>
    </None>
    <None Include="content\categories\프로그래밍\_index.md">
      <Filter>content\categories\프로그래밍</Filter>
    </None>
    <None Include="content\post\셈말짓기\index.md">
      <Filter>content\post\000.셈말짓기</Filter>
    </None>
    <None Include="content\post\한글날\index.md">
      <Filter>content\post\001.한글날</Filter>
    </None>
    <None Include="content\post\vcpkg\index.md">
      <Filter>content\post\002.vcpkg</Filter>
    </None>
    <None Include="content\categories\티끌모아글\_index.md">
      <Filter>content\categories\티끌모아글</Filter>
    </None>
    <None Include="content\categories\개발자노트\_index.md">
      <Filter>content\categories\개발자노트</Filter>
    </None>
    <None Include="content\post\vld\index.md">
      <Filter>content\post\005.vld</Filter>
    </None>
    <None Include="content\post\Github Action 테스트\index.md">
      <Filter>content\post\007.Github Action 테스트</Filter>
    </None>
    <None Include="content\post\Visual Studio Plugin\index.md">
      <Filter>content\post\003.Visual Studio Plugin</Filter>
    </None>
    <None Include="content\post\윈도우 API utf8 설정\index.md">
      <Filter>content\post\009.윈도우 API utf8 설정</Filter>
    </None>
    <None Include="content\post\Visual Studio C++ 빌드설정\index.md">
      <Filter>content\post\Visual Studio C++ 빌드설정</Filter>
    </None>
    <None Include="content\post\Visual Studio 기본설정\index.md">
      <Filter>content\post\Visual Studio 기본설정</Filter>
    </None>
  </ItemGroup>
  <ItemGroup>
    <Image Include="content\post\Visual Studio 기본설정\img.png">
      <Filter>content\post\Visual Studio 기본설정</Filter>
    </Image>
    <Image Include="content\post\Visual Studio 기본설정\img2.png">
      <Filter>content\post\Visual Studio 기본설정</Filter>
    </Image>
  </ItemGroup>
</Project>