<?xml version="1.0" encoding="utf-8"?>
<Project ToolsVersion="4.0" xmlns="http://schemas.microsoft.com/developer/msbuild/2003">
  <ItemGroup>
    <None Include="_config.yml">
      <Filter>conf</Filter>
    </None>
    <None Include=".gitignore">
      <Filter>conf</Filter>
    </None>
    <None Include="index.md">
      <Filter>root</Filter>
    </None>
    <None Include="docs\intro.md">
      <Filter>root\docs</Filter>
    </None>
    <None Include="docs\1000-tip\index.md">
      <Filter>root\docs\1000-tip</Filter>
    </None>
    <None Include="docs\1000-tip\just_the_docs.md">
      <Filter>root\docs\1000-tip</Filter>
    </None>
    <None Include="docs\3000-code1009-lib\index.md">
      <Filter>root\docs\3000-code1009-lib</Filter>
    </None>
    <None Include="docs\3000-code1009-lib\krc.md">
      <Filter>root\docs\3000-code1009-lib</Filter>
    </None>
    <None Include="docs\2000-code1009\한글코드.md">
      <Filter>root\docs\2000-code1009</Filter>
    </None>
    <None Include="docs\2000-code1009\index.md">
      <Filter>root\docs\2000-code1009</Filter>
    </None>
    <None Include="release\v1\base.css">
      <Filter>root\v1</Filter>
    </None>
    <None Include="release\v1\base-table.css">
      <Filter>root\v1</Filter>
    </None>
    <None Include="release\v1\body-h-auto_no.css">
      <Filter>root\v1</Filter>
    </None>
    <None Include="release\v1\entry_content-h-auto_no.css">
      <Filter>root\v1</Filter>
    </None>
    <None Include="release\v1\entry-h.css">
      <Filter>root\v1</Filter>
    </None>
    <None Include="release\v1\page.html">
      <Filter>root\v1</Filter>
    </None>
    <None Include="release\v1\sidebar.css">
      <Filter>root\v1</Filter>
    </None>
    <None Include="release\v1\sidebar.js">
      <Filter>root\v1</Filter>
    </None>
    <None Include="docs\1000-tip\msvc_basic_setting.md">
      <Filter>root\docs\1000-tip</Filter>
    </None>
    <None Include="docs\1000-tip\vcpkg.md">
      <Filter>root\docs\1000-tip</Filter>
    </None>
    <None Include="Gemfile">
      <Filter>gemfile</Filter>
    </None>
    <None Include="Gemfile.lock">
      <Filter>gemfile</Filter>
    </None>
  </ItemGroup>
  <ItemGroup>
    <Filter Include="conf">
      <UniqueIdentifier>{0fe2d7ba-155d-4455-9d06-a69da5fa50f5}</UniqueIdentifier>
    </Filter>
    <Filter Include="root">
      <UniqueIdentifier>{d507ecb8-f895-4841-a0fa-1e6321b53987}</UniqueIdentifier>
    </Filter>
    <Filter Include="root\docs">
      <UniqueIdentifier>{cad943dd-0510-4494-b0f3-e19bb1795435}</UniqueIdentifier>
    </Filter>
    <Filter Include="root\docs\3000-code1009-lib">
      <UniqueIdentifier>{f20ad5a1-f3e2-476a-9dad-2aadf2559bd4}</UniqueIdentifier>
    </Filter>
    <Filter Include="root\docs\1000-tip">
      <UniqueIdentifier>{0dc8c5ca-2ec5-46bc-8501-2d00e8b8b0ba}</UniqueIdentifier>
    </Filter>
    <Filter Include="root\docs\2000-code1009">
      <UniqueIdentifier>{5c10978f-8bae-43df-bec6-989d393fd7a2}</UniqueIdentifier>
    </Filter>
    <Filter Include="root\v1">
      <UniqueIdentifier>{6dae5098-a05c-4b55-9e4e-a4cb3679bfb3}</UniqueIdentifier>
    </Filter>
    <Filter Include="gemfile">
      <UniqueIdentifier>{27169612-1523-4947-a8df-a951393d41a2}</UniqueIdentifier>
    </Filter>
  </ItemGroup>
</Project>