<?xml version="1.0" encoding="utf-8"?>
<Project ToolsVersion="4.0" xmlns="http://schemas.microsoft.com/developer/msbuild/2003">
  <ItemGroup>
    <Filter Include="web">
      <UniqueIdentifier>{b5ecf75f-a25a-4d69-a15d-42758bfc4ea5}</UniqueIdentifier>
    </Filter>
    <Filter Include="root">
      <UniqueIdentifier>{f701cd44-52b0-45c6-8872-527368efe374}</UniqueIdentifier>
    </Filter>
    <Filter Include="example">
      <UniqueIdentifier>{bc78e45a-db54-4fdf-92c2-6e5ca7b975e0}</UniqueIdentifier>
    </Filter>
    <Filter Include="home">
      <UniqueIdentifier>{fa65461d-19b2-448c-a9b5-1b494ad7c2f6}</UniqueIdentifier>
    </Filter>
    <Filter Include="home\home-셈말짓기">
      <UniqueIdentifier>{dcb24f01-5f18-4b42-9f76-e397f1986e9f}</UniqueIdentifier>
    </Filter>
    <Filter Include="page">
      <UniqueIdentifier>{eead8b18-a051-4c97-8e35-55477e7ae0a4}</UniqueIdentifier>
    </Filter>
  </ItemGroup>
  <ItemGroup>
    <None Include="..\.gitattributes">
      <Filter>root</Filter>
    </None>
    <None Include="..\.gitignore">
      <Filter>root</Filter>
    </None>
    <None Include="..\.nojekyll">
      <Filter>root</Filter>
    </None>
    <None Include="..\index.html">
      <Filter>root</Filter>
    </None>
    <None Include="core.css">
      <Filter>web</Filter>
    </None>
    <None Include="core.js">
      <Filter>web</Filter>
    </None>
    <None Include="index.html">
      <Filter>web</Filter>
    </None>
    <None Include="mainmenu.js">
      <Filter>web</Filter>
    </None>
    <None Include="markdown.js">
      <Filter>web</Filter>
    </None>
    <None Include="markdownview.js">
      <Filter>web</Filter>
    </None>
    <None Include="menu.css">
      <Filter>web</Filter>
    </None>
    <None Include="menu.js">
      <Filter>web</Filter>
    </None>
    <None Include="home-셈말짓기\page(20살 때 작성한 버전).md">
      <Filter>home\home-셈말짓기</Filter>
    </None>
    <None Include="home-셈말짓기\page.css">
      <Filter>home\home-셈말짓기</Filter>
    </None>
    <None Include="home-셈말짓기\page.html">
      <Filter>home\home-셈말짓기</Filter>
    </None>
    <None Include="home-셈말짓기\page.js">
      <Filter>home\home-셈말짓기</Filter>
    </None>
    <None Include="home-셈말짓기\page.md">
      <Filter>home\home-셈말짓기</Filter>
    </None>
    <None Include="example\page.css">
      <Filter>example</Filter>
    </None>
    <None Include="example\page.html">
      <Filter>example</Filter>
    </None>
    <None Include="example\page.js">
      <Filter>example</Filter>
    </None>
    <None Include="example\submenu.js">
      <Filter>example</Filter>
    </None>
  </ItemGroup>
  <ItemGroup>
    <Text Include="..\ref.txt">
      <Filter>root</Filter>
    </Text>
  </ItemGroup>
  <ItemGroup>
    <Image Include="logo.png">
      <Filter>web</Filter>
    </Image>
    <Image Include="home-셈말짓기\intro-hangul.jpg">
      <Filter>home\home-셈말짓기</Filter>
    </Image>
    <Image Include="home-셈말짓기\intro-hello_no_ga_da_world.gif">
      <Filter>home\home-셈말짓기</Filter>
    </Image>
    <Image Include="home-셈말짓기\intro-moo_roo.jpg">
      <Filter>home\home-셈말짓기</Filter>
    </Image>
    <Image Include="home-셈말짓기\intro-moo_roo-s.jpg">
      <Filter>home\home-셈말짓기</Filter>
    </Image>
    <Image Include="home-셈말짓기\훈민정음.jpg">
      <Filter>home\home-셈말짓기</Filter>
    </Image>
  </ItemGroup>
</Project>